
Microsoft Visual Studio Solution File, Format Version 12.00
# Visual Studio Version 16
VisualStudioVersion = 16.0.30621.155
MinimumVisualStudioVersion = 10.0.40219.1
Project("{FAE04EC0-301F-11D3-BF4B-00C04F79EFBC}") = "Montadora.Veiculos.Web", "Montadora.Veiculos.Web\Montadora.Veiculos.Web.csproj", "{80520518-497E-41B9-A77A-1EA94EB2882E}"
EndProject
Project("{2150E333-8FDC-42A3-9474-1A3956D46DE8}") = "Dominio", "Dominio", "{48F6AB00-3492-401F-AD2E-5D6E6CE81D95}"
EndProject
Project("{2150E333-8FDC-42A3-9474-1A3956D46DE8}") = "Dados", "Dados", "{3A513055-A066-423B-949D-E99AFFE45994}"
EndProject
Project("{FAE04EC0-301F-11D3-BF4B-00C04F79EFBC}") = "Montadora.Veiculos.Dominio", "Montadora.Veiculos.Dominio\Montadora.Veiculos.Dominio.csproj", "{1B92AEB9-D6CF-4AFA-861C-CB6F06E00603}"
EndProject
Global
	GlobalSection(SolutionConfigurationPlatforms) = preSolution
		Debug|Any CPU = Debug|Any CPU
		Release|Any CPU = Release|Any CPU
	EndGlobalSection
	GlobalSection(ProjectConfigurationPlatforms) = postSolution
		{80520518-497E-41B9-A77A-1EA94EB2882E}.Debug|Any CPU.ActiveCfg = Debug|Any CPU
		{80520518-497E-41B9-A77A-1EA94EB2882E}.Debug|Any CPU.Build.0 = Debug|Any CPU
		{80520518-497E-41B9-A77A-1EA94EB2882E}.Release|Any CPU.ActiveCfg = Release|Any CPU
		{80520518-497E-41B9-A77A-1EA94EB2882E}.Release|Any CPU.Build.0 = Release|Any CPU
		{1B92AEB9-D6CF-4AFA-861C-CB6F06E00603}.Debug|Any CPU.ActiveCfg = Debug|Any CPU
		{1B92AEB9-D6CF-4AFA-861C-CB6F06E00603}.Debug|Any CPU.Build.0 = Debug|Any CPU
		{1B92AEB9-D6CF-4AFA-861C-CB6F06E00603}.Release|Any CPU.ActiveCfg = Release|Any CPU
		{1B92AEB9-D6CF-4AFA-861C-CB6F06E00603}.Release|Any CPU.Build.0 = Release|Any CPU
	EndGlobalSection
	GlobalSection(SolutionProperties) = preSolution
		HideSolutionNode = FALSE
	EndGlobalSection
	GlobalSection(NestedProjects) = preSolution
		{1B92AEB9-D6CF-4AFA-861C-CB6F06E00603} = {48F6AB00-3492-401F-AD2E-5D6E6CE81D95}
	EndGlobalSection
	GlobalSection(ExtensibilityGlobals) = postSolution
		SolutionGuid = {1CB6565E-7679-4E93-B96C-FAFF0627F07B}
	EndGlobalSection
EndGlobal
